
Microsoft Visual Studio Solution File, Format Version 12.00
# Visual Studio Version 16
VisualStudioVersion = 16.0.29418.71
MinimumVisualStudioVersion = 10.0.40219.1
Project("{FAE04EC0-301F-11D3-BF4B-00C04F79EFBC}") = "ddd", "ddd\ddd.csproj", "{78B1DA6B-B86F-448E-8CA9-2B6C2EC1C67E}"
EndProject
Global
	GlobalSection(SolutionConfigurationPlatforms) = preSolution
		Debug|Any CPU = Debug|Any CPU
		Release|Any CPU = Release|Any CPU
	EndGlobalSection
	GlobalSection(ProjectConfigurationPlatforms) = postSolution
		{78B1DA6B-B86F-448E-8CA9-2B6C2EC1C67E}.Debug|Any CPU.ActiveCfg = Debug|Any CPU
		{78B1DA6B-B86F-448E-8CA9-2B6C2EC1C67E}.Debug|Any CPU.Build.0 = Debug|Any CPU
		{78B1DA6B-B86F-448E-8CA9-2B6C2EC1C67E}.Release|Any CPU.ActiveCfg = Release|Any CPU
		{78B1DA6B-B86F-448E-8CA9-2B6C2EC1C67E}.Release|Any CPU.Build.0 = Release|Any CPU
	EndGlobalSection
	GlobalSection(SolutionProperties) = preSolution
		HideSolutionNode = FALSE
	EndGlobalSection
	GlobalSection(ExtensibilityGlobals) = postSolution
		SolutionGuid = {1A550153-EF5F-49F5-9DAD-50200A049BCD}
	EndGlobalSection
EndGlobal
